
Microsoft Visual Studio Solution File, Format Version 12.00
# Visual Studio 15
VisualStudioVersion = 15.0.27130.2036
MinimumVisualStudioVersion = 10.0.40219.1
Project("{FAE04EC0-301F-11D3-BF4B-00C04F79EFBC}") = "Demo_WPF_BindingExamples", "Demo_WPF_BindingExamples\Demo_WPF_BindingExamples.csproj", "{49053AA6-16F0-4663-95D4-48B6F2074E68}"
EndProject
Project("{FAE04EC0-301F-11D3-BF4B-00C04F79EFBC}") = "SingleObject", "SingleObject\SingleObject.csproj", "{38EFB7B7-D5F1-4A0E-BA43-6B2B7C606C1F}"
EndProject
Project("{FAE04EC0-301F-11D3-BF4B-00C04F79EFBC}") = "ElementToElement", "ElementToElement\ElementToElement.csproj", "{29EE7F82-8E15-4FCB-8037-05EEA0117ED2}"
EndProject
Project("{FAE04EC0-301F-11D3-BF4B-00C04F79EFBC}") = "Collection", "Collection\Collection.csproj", "{5A2E114F-F377-4522-B5A5-4439F4FE7C4D}"
EndProject
Project("{FAE04EC0-301F-11D3-BF4B-00C04F79EFBC}") = "Collection2", "Collection2\Collection2.csproj", "{7BEBDABA-DE00-406A-AF0B-FDA6DBE04CE7}"
EndProject
Project("{FAE04EC0-301F-11D3-BF4B-00C04F79EFBC}") = "DataTemplates", "DataTemplates\DataTemplates.csproj", "{399ABED4-2E45-4CEE-B2A9-555320DB13B9}"
EndProject
Global
	GlobalSection(SolutionConfigurationPlatforms) = preSolution
		Debug|Any CPU = Debug|Any CPU
		Release|Any CPU = Release|Any CPU
	EndGlobalSection
	GlobalSection(ProjectConfigurationPlatforms) = postSolution
		{49053AA6-16F0-4663-95D4-48B6F2074E68}.Debug|Any CPU.ActiveCfg = Debug|Any CPU
		{49053AA6-16F0-4663-95D4-48B6F2074E68}.Debug|Any CPU.Build.0 = Debug|Any CPU
		{49053AA6-16F0-4663-95D4-48B6F2074E68}.Release|Any CPU.ActiveCfg = Release|Any CPU
		{49053AA6-16F0-4663-95D4-48B6F2074E68}.Release|Any CPU.Build.0 = Release|Any CPU
		{38EFB7B7-D5F1-4A0E-BA43-6B2B7C606C1F}.Debug|Any CPU.ActiveCfg = Debug|Any CPU
		{38EFB7B7-D5F1-4A0E-BA43-6B2B7C606C1F}.Debug|Any CPU.Build.0 = Debug|Any CPU
		{38EFB7B7-D5F1-4A0E-BA43-6B2B7C606C1F}.Release|Any CPU.ActiveCfg = Release|Any CPU
		{38EFB7B7-D5F1-4A0E-BA43-6B2B7C606C1F}.Release|Any CPU.Build.0 = Release|Any CPU
		{29EE7F82-8E15-4FCB-8037-05EEA0117ED2}.Debug|Any CPU.ActiveCfg = Debug|Any CPU
		{29EE7F82-8E15-4FCB-8037-05EEA0117ED2}.Debug|Any CPU.Build.0 = Debug|Any CPU
		{29EE7F82-8E15-4FCB-8037-05EEA0117ED2}.Release|Any CPU.ActiveCfg = Release|Any CPU
		{29EE7F82-8E15-4FCB-8037-05EEA0117ED2}.Release|Any CPU.Build.0 = Release|Any CPU
		{5A2E114F-F377-4522-B5A5-4439F4FE7C4D}.Debug|Any CPU.ActiveCfg = Debug|Any CPU
		{5A2E114F-F377-4522-B5A5-4439F4FE7C4D}.Debug|Any CPU.Build.0 = Debug|Any CPU
		{5A2E114F-F377-4522-B5A5-4439F4FE7C4D}.Release|Any CPU.ActiveCfg = Release|Any CPU
		{5A2E114F-F377-4522-B5A5-4439F4FE7C4D}.Release|Any CPU.Build.0 = Release|Any CPU
		{7BEBDABA-DE00-406A-AF0B-FDA6DBE04CE7}.Debug|Any CPU.ActiveCfg = Debug|Any CPU
		{7BEBDABA-DE00-406A-AF0B-FDA6DBE04CE7}.Debug|Any CPU.Build.0 = Debug|Any CPU
		{7BEBDABA-DE00-406A-AF0B-FDA6DBE04CE7}.Release|Any CPU.ActiveCfg = Release|Any CPU
		{7BEBDABA-DE00-406A-AF0B-FDA6DBE04CE7}.Release|Any CPU.Build.0 = Release|Any CPU
		{399ABED4-2E45-4CEE-B2A9-555320DB13B9}.Debug|Any CPU.ActiveCfg = Debug|Any CPU
		{399ABED4-2E45-4CEE-B2A9-555320DB13B9}.Debug|Any CPU.Build.0 = Debug|Any CPU
		{399ABED4-2E45-4CEE-B2A9-555320DB13B9}.Release|Any CPU.ActiveCfg = Release|Any CPU
		{399ABED4-2E45-4CEE-B2A9-555320DB13B9}.Release|Any CPU.Build.0 = Release|Any CPU
	EndGlobalSection
	GlobalSection(SolutionProperties) = preSolution
		HideSolutionNode = FALSE
	EndGlobalSection
	GlobalSection(ExtensibilityGlobals) = postSolution
		SolutionGuid = {0CDEC60D-2422-4226-AA39-F1492631AD1B}
	EndGlobalSection
EndGlobal
